
Microsoft Visual Studio Solution File, Format Version 12.00
# Visual Studio Version 16
VisualStudioVersion = 16.0.30907.101
MinimumVisualStudioVersion = 10.0.40219.1
Project("{FAE04EC0-301F-11D3-BF4B-00C04F79EFBC}") = "GCD_LCM_Calculator", "GCD_LCM_Calculator\GCD_LCM_Calculator.csproj", "{D714659D-416D-48A8-9473-303B93FA041C}"
EndProject
Global
	GlobalSection(SolutionConfigurationPlatforms) = preSolution
		Debug|Any CPU = Debug|Any CPU
		Release|Any CPU = Release|Any CPU
	EndGlobalSection
	GlobalSection(ProjectConfigurationPlatforms) = postSolution
		{D714659D-416D-48A8-9473-303B93FA041C}.Debug|Any CPU.ActiveCfg = Debug|Any CPU
		{D714659D-416D-48A8-9473-303B93FA041C}.Debug|Any CPU.Build.0 = Debug|Any CPU
		{D714659D-416D-48A8-9473-303B93FA041C}.Release|Any CPU.ActiveCfg = Release|Any CPU
		{D714659D-416D-48A8-9473-303B93FA041C}.Release|Any CPU.Build.0 = Release|Any CPU
	EndGlobalSection
	GlobalSection(SolutionProperties) = preSolution
		HideSolutionNode = FALSE
	EndGlobalSection
	GlobalSection(ExtensibilityGlobals) = postSolution
		SolutionGuid = {90EC1610-3E2B-4649-885A-EA7B4A3108F2}
	EndGlobalSection
EndGlobal
